
Microsoft Visual Studio Solution File, Format Version 12.00
# Visual Studio 14
VisualStudioVersion = 14.0.25123.0
MinimumVisualStudioVersion = 10.0.40219.1
Project("{FAE04EC0-301F-11D3-BF4B-00C04F79EFBC}") = "SharpShapes", "SharpShapes\SharpShapes.csproj", "{5B876435-FA61-456A-BEBD-C0BCE462695F}"
EndProject
Project("{FAE04EC0-301F-11D3-BF4B-00C04F79EFBC}") = "SSTest", "SSTest\SSTest.csproj", "{DD04B5C8-A9B6-4E85-96DE-2C44201DBC3D}"
EndProject
Global
	GlobalSection(SolutionConfigurationPlatforms) = preSolution
		Debug|Any CPU = Debug|Any CPU
		Release|Any CPU = Release|Any CPU
	EndGlobalSection
	GlobalSection(ProjectConfigurationPlatforms) = postSolution
		{5B876435-FA61-456A-BEBD-C0BCE462695F}.Debug|Any CPU.ActiveCfg = Debug|Any CPU
		{5B876435-FA61-456A-BEBD-C0BCE462695F}.Debug|Any CPU.Build.0 = Debug|Any CPU
		{5B876435-FA61-456A-BEBD-C0BCE462695F}.Release|Any CPU.ActiveCfg = Release|Any CPU
		{5B876435-FA61-456A-BEBD-C0BCE462695F}.Release|Any CPU.Build.0 = Release|Any CPU
		{DD04B5C8-A9B6-4E85-96DE-2C44201DBC3D}.Debug|Any CPU.ActiveCfg = Debug|Any CPU
		{DD04B5C8-A9B6-4E85-96DE-2C44201DBC3D}.Debug|Any CPU.Build.0 = Debug|Any CPU
		{DD04B5C8-A9B6-4E85-96DE-2C44201DBC3D}.Release|Any CPU.ActiveCfg = Release|Any CPU
		{DD04B5C8-A9B6-4E85-96DE-2C44201DBC3D}.Release|Any CPU.Build.0 = Release|Any CPU
	EndGlobalSection
	GlobalSection(SolutionProperties) = preSolution
		HideSolutionNode = FALSE
	EndGlobalSection
EndGlobal
